
Microsoft Visual Studio Solution File, Format Version 12.00
# Visual Studio Version 16
VisualStudioVersion = 16.0.30804.86
MinimumVisualStudioVersion = 10.0.40219.1
Project("{FAE04EC0-301F-11D3-BF4B-00C04F79EFBC}") = "WindowsServiceTest", "WindowsServiceTest\WindowsServiceTest.csproj", "{A63FC63A-7D35-4C28-BDE8-28CAB421D7A2}"
EndProject
Project("{54435603-DBB4-11D2-8724-00A0C9A8B90C}") = "Setup1", "Setup1\Setup1.vdproj", "{C527CABC-0CA6-4C06-B050-26CF532C485A}"
EndProject
Global
	GlobalSection(SolutionConfigurationPlatforms) = preSolution
		Debug|Any CPU = Debug|Any CPU
		Release|Any CPU = Release|Any CPU
	EndGlobalSection
	GlobalSection(ProjectConfigurationPlatforms) = postSolution
		{A63FC63A-7D35-4C28-BDE8-28CAB421D7A2}.Debug|Any CPU.ActiveCfg = Debug|Any CPU
		{A63FC63A-7D35-4C28-BDE8-28CAB421D7A2}.Debug|Any CPU.Build.0 = Debug|Any CPU
		{A63FC63A-7D35-4C28-BDE8-28CAB421D7A2}.Release|Any CPU.ActiveCfg = Release|Any CPU
		{A63FC63A-7D35-4C28-BDE8-28CAB421D7A2}.Release|Any CPU.Build.0 = Release|Any CPU
		{C527CABC-0CA6-4C06-B050-26CF532C485A}.Debug|Any CPU.ActiveCfg = Debug
		{C527CABC-0CA6-4C06-B050-26CF532C485A}.Release|Any CPU.ActiveCfg = Release
	EndGlobalSection
	GlobalSection(SolutionProperties) = preSolution
		HideSolutionNode = FALSE
	EndGlobalSection
	GlobalSection(ExtensibilityGlobals) = postSolution
		SolutionGuid = {FB36CC6D-0794-41B0-89E0-055248BE9DAA}
	EndGlobalSection
EndGlobal
